
Microsoft Visual Studio Solution File, Format Version 12.00
# Visual Studio 15
VisualStudioVersion = 15.0.28307.421
MinimumVisualStudioVersion = 10.0.40219.1
Project("{FAE04EC0-301F-11D3-BF4B-00C04F79EFBC}") = "SqlServerProcedureGenerator", "SqlServerProcedureGenerator\SqlServerProcedureGenerator.csproj", "{6F4475A1-A908-47B6-8C5A-5CD3C7D07A82}"
EndProject
Global
	GlobalSection(SolutionConfigurationPlatforms) = preSolution
		Debug|Any CPU = Debug|Any CPU
		Release|Any CPU = Release|Any CPU
	EndGlobalSection
	GlobalSection(ProjectConfigurationPlatforms) = postSolution
		{6F4475A1-A908-47B6-8C5A-5CD3C7D07A82}.Debug|Any CPU.ActiveCfg = Debug|Any CPU
		{6F4475A1-A908-47B6-8C5A-5CD3C7D07A82}.Debug|Any CPU.Build.0 = Debug|Any CPU
		{6F4475A1-A908-47B6-8C5A-5CD3C7D07A82}.Release|Any CPU.ActiveCfg = Release|Any CPU
		{6F4475A1-A908-47B6-8C5A-5CD3C7D07A82}.Release|Any CPU.Build.0 = Release|Any CPU
	EndGlobalSection
	GlobalSection(SolutionProperties) = preSolution
		HideSolutionNode = FALSE
	EndGlobalSection
	GlobalSection(ExtensibilityGlobals) = postSolution
		SolutionGuid = {45608FFA-EC04-415B-BF97-89F7567CA78D}
	EndGlobalSection
EndGlobal
